// !$*UTF8*$!
{
	archiveVersion = 1;
	classes = {
	};
	objectVersion = 50;
	objects = {

/* Begin PBXBuildFile section */
		0109379921525E3F0063B252 /* AppDelegate.swift in Sources */ = {isa = PBXBuildFile; fileRef = 0109379821525E3F0063B252 /* AppDelegate.swift */; };
		0109379B21525E3F0063B252 /* ViewController.swift in Sources */ = {isa = PBXBuildFile; fileRef = 0109379A21525E3F0063B252 /* ViewController.swift */; };
		0109379E21525E3F0063B252 /* Main.storyboard in Resources */ = {isa = PBXBuildFile; fileRef = 0109379C21525E3F0063B252 /* Main.storyboard */; };
		010937A121525E3F0063B252 /* Template1.xcdatamodeld in Sources */ = {isa = PBXBuildFile; fileRef = 0109379F21525E3F0063B252 /* Template1.xcdatamodeld */; };
		010937A321525E400063B252 /* Assets.xcassets in Resources */ = {isa = PBXBuildFile; fileRef = 010937A221525E400063B252 /* Assets.xcassets */; };
		010937A621525E400063B252 /* LaunchScreen.storyboard in Resources */ = {isa = PBXBuildFile; fileRef = 010937A421525E400063B252 /* LaunchScreen.storyboard */; };
		010937B621525F710063B252 /* HMNetworkHandler.swift in Sources */ = {isa = PBXBuildFile; fileRef = 010937AE21525F710063B252 /* HMNetworkHandler.swift */; };
		010937B721525F710063B252 /* HMNetworking.swift in Sources */ = {isa = PBXBuildFile; fileRef = 010937AF21525F710063B252 /* HMNetworking.swift */; };
		010937B821525F710063B252 /* Extensions.swift in Sources */ = {isa = PBXBuildFile; fileRef = 010937B121525F710063B252 /* Extensions.swift */; };
		010937B921525F710063B252 /* Helper.swift in Sources */ = {isa = PBXBuildFile; fileRef = 010937B221525F710063B252 /* Helper.swift */; };
		010937BA21525F710063B252 /* LoadingView.swift in Sources */ = {isa = PBXBuildFile; fileRef = 010937B321525F710063B252 /* LoadingView.swift */; };
		010937BB21525F710063B252 /* Enum.swift in Sources */ = {isa = PBXBuildFile; fileRef = 010937B421525F710063B252 /* Enum.swift */; };
		010937BC21525F710063B252 /* Struct.swift in Sources */ = {isa = PBXBuildFile; fileRef = 010937B521525F710063B252 /* Struct.swift */; };
		AFDDD963869BD1023F767AEF /* Pods_Template1.framework in Frameworks */ = {isa = PBXBuildFile; fileRef = 4509BD62CAAFD55456602129 /* Pods_Template1.framework */; };
/* End PBXBuildFile section */

/* Begin PBXFileReference section */
		0109379521525E3F0063B252 /* Template1.app */ = {isa = PBXFileReference; explicitFileType = wrapper.application; includeInIndex = 0; path = Template1.app; sourceTree = BUILT_PRODUCTS_DIR; };
		0109379821525E3F0063B252 /* AppDelegate.swift */ = {isa = PBXFileReference; lastKnownFileType = sourcecode.swift; path = AppDelegate.swift; sourceTree = "<group>"; };
		0109379A21525E3F0063B252 /* ViewController.swift */ = {isa = PBXFileReference; lastKnownFileType = sourcecode.swift; path = ViewController.swift; sourceTree = "<group>"; };
		0109379D21525E3F0063B252 /* Base */ = {isa = PBXFileReference; lastKnownFileType = file.storyboard; name = Base; path = Base.lproj/Main.storyboard; sourceTree = "<group>"; };
		010937A021525E3F0063B252 /* Template1.xcdatamodel */ = {isa = PBXFileReference; lastKnownFileType = wrapper.xcdatamodel; path = Template1.xcdatamodel; sourceTree = "<group>"; };
		010937A221525E400063B252 /* Assets.xcassets */ = {isa = PBXFileReference; lastKnownFileType = folder.assetcatalog; path = Assets.xcassets; sourceTree = "<group>"; };
		010937A521525E400063B252 /* Base */ = {isa = PBXFileReference; lastKnownFileType = file.storyboard; name = Base; path = Base.lproj/LaunchScreen.storyboard; sourceTree = "<group>"; };
		010937A721525E400063B252 /* Info.plist */ = {isa = PBXFileReference; lastKnownFileType = text.plist.xml; path = Info.plist; sourceTree = "<group>"; };
		010937AE21525F710063B252 /* HMNetworkHandler.swift */ = {isa = PBXFileReference; fileEncoding = 4; lastKnownFileType = sourcecode.swift; path = HMNetworkHandler.swift; sourceTree = "<group>"; };
		010937AF21525F710063B252 /* HMNetworking.swift */ = {isa = PBXFileReference; fileEncoding = 4; lastKnownFileType = sourcecode.swift; path = HMNetworking.swift; sourceTree = "<group>"; };
		010937B121525F710063B252 /* Extensions.swift */ = {isa = PBXFileReference; fileEncoding = 4; lastKnownFileType = sourcecode.swift; path = Extensions.swift; sourceTree = "<group>"; };
		010937B221525F710063B252 /* Helper.swift */ = {isa = PBXFileReference; fileEncoding = 4; lastKnownFileType = sourcecode.swift; path = Helper.swift; sourceTree = "<group>"; };
		010937B321525F710063B252 /* LoadingView.swift */ = {isa = PBXFileReference; fileEncoding = 4; lastKnownFileType = sourcecode.swift; path = LoadingView.swift; sourceTree = "<group>"; };
		010937B421525F710063B252 /* Enum.swift */ = {isa = PBXFileReference; fileEncoding = 4; lastKnownFileType = sourcecode.swift; path = Enum.swift; sourceTree = "<group>"; };
		010937B521525F710063B252 /* Struct.swift */ = {isa = PBXFileReference; fileEncoding = 4; lastKnownFileType = sourcecode.swift; path = Struct.swift; sourceTree = "<group>"; };
		4509BD62CAAFD55456602129 /* Pods_Template1.framework */ = {isa = PBXFileReference; explicitFileType = wrapper.framework; includeInIndex = 0; path = Pods_Template1.framework; sourceTree = BUILT_PRODUCTS_DIR; };
		B3ECB8198EDC78B82CBC1BE2 /* Pods-Template1.release.xcconfig */ = {isa = PBXFileReference; includeInIndex = 1; lastKnownFileType = text.xcconfig; name = "Pods-Template1.release.xcconfig"; path = "Pods/Target Support Files/Pods-Template1/Pods-Template1.release.xcconfig"; sourceTree = "<group>"; };
		BF6452CEB7AC362F83C78259 /* Pods-Template1.debug.xcconfig */ = {isa = PBXFileReference; includeInIndex = 1; lastKnownFileType = text.xcconfig; name = "Pods-Template1.debug.xcconfig"; path = "Pods/Target Support Files/Pods-Template1/Pods-Template1.debug.xcconfig"; sourceTree = "<group>"; };
/* End PBXFileReference section */

/* Begin PBXFrameworksBuildPhase section */
		0109379221525E3F0063B252 /* Frameworks */ = {
			isa = PBXFrameworksBuildPhase;
			buildActionMask = 2147483647;
			files = (
				AFDDD963869BD1023F767AEF /* Pods_Template1.framework in Frameworks */,
			);
			runOnlyForDeploymentPostprocessing = 0;
		};
/* End PBXFrameworksBuildPhase section */

/* Begin PBXGroup section */
		0109378C21525E3F0063B252 = {
			isa = PBXGroup;
			children = (
				0109379721525E3F0063B252 /* Template1 */,
				0109379621525E3F0063B252 /* Products */,
				B2970A2D0247970F8A539383 /* Pods */,
				ADC131D0DFAAC7623F338207 /* Frameworks */,
			);
			sourceTree = "<group>";
		};
		0109379621525E3F0063B252 /* Products */ = {
			isa = PBXGroup;
			children = (
				0109379521525E3F0063B252 /* Template1.app */,
			);
			name = Products;
			sourceTree = "<group>";
		};
		0109379721525E3F0063B252 /* Template1 */ = {
			isa = PBXGroup;
			children = (
				010937B021525F710063B252 /* Helpers */,
				010937AD21525F710063B252 /* Networking */,
				0109379821525E3F0063B252 /* AppDelegate.swift */,
				01A62163215267470062927B /* ViewControllers */,
				0109379C21525E3F0063B252 /* Main.storyboard */,
				010937A221525E400063B252 /* Assets.xcassets */,
				010937A421525E400063B252 /* LaunchScreen.storyboard */,
				010937A721525E400063B252 /* Info.plist */,
				0109379F21525E3F0063B252 /* Template1.xcdatamodeld */,
			);
			path = Template1;
			sourceTree = "<group>";
		};
		010937AD21525F710063B252 /* Networking */ = {
			isa = PBXGroup;
			children = (
				010937AE21525F710063B252 /* HMNetworkHandler.swift */,
				010937AF21525F710063B252 /* HMNetworking.swift */,
			);
			path = Networking;
			sourceTree = "<group>";
		};
		010937B021525F710063B252 /* Helpers */ = {
			isa = PBXGroup;
			children = (
				010937B121525F710063B252 /* Extensions.swift */,
				010937B221525F710063B252 /* Helper.swift */,
				010937B321525F710063B252 /* LoadingView.swift */,
				010937B421525F710063B252 /* Enum.swift */,
				010937B521525F710063B252 /* Struct.swift */,
			);
			path = Helpers;
			sourceTree = "<group>";
		};
		01A62163215267470062927B /* ViewControllers */ = {
			isa = PBXGroup;
			children = (
				0109379A21525E3F0063B252 /* ViewController.swift */,
			);
			path = ViewControllers;
			sourceTree = "<group>";
		};
		ADC131D0DFAAC7623F338207 /* Frameworks */ = {
			isa = PBXGroup;
			children = (
				4509BD62CAAFD55456602129 /* Pods_Template1.framework */,
			);
			name = Frameworks;
			sourceTree = "<group>";
		};
		B2970A2D0247970F8A539383 /* Pods */ = {
			isa = PBXGroup;
			children = (
				BF6452CEB7AC362F83C78259 /* Pods-Template1.debug.xcconfig */,
				B3ECB8198EDC78B82CBC1BE2 /* Pods-Template1.release.xcconfig */,
			);
			name = Pods;
			sourceTree = "<group>";
		};
/* End PBXGroup section */

/* Begin PBXNativeTarget section */
		0109379421525E3F0063B252 /* Template1 */ = {
			isa = PBXNativeTarget;
			buildConfigurationList = 010937AA21525E400063B252 /* Build configuration list for PBXNativeTarget "Template1" */;
			buildPhases = (
				EC71F912BBA31EC0AD4D1C7B /* [CP] Check Pods Manifest.lock */,
				0109379121525E3F0063B252 /* Sources */,
				0109379221525E3F0063B252 /* Frameworks */,
				0109379321525E3F0063B252 /* Resources */,
				D5C19FB1BCE0A5AD54CC5BE1 /* [CP] Embed Pods Frameworks */,
			);
			buildRules = (
			);
			dependencies = (
			);
			name = Template1;
			productName = Template1;
			productReference = 0109379521525E3F0063B252 /* Template1.app */;
			productType = "com.apple.product-type.application";
		};
/* End PBXNativeTarget section */

/* Begin PBXProject section */
		0109378D21525E3F0063B252 /* Project object */ = {
			isa = PBXProject;
			attributes = {
				LastSwiftUpdateCheck = 0940;
				LastUpgradeCheck = 0940;
				ORGANIZATIONNAME = "HImal Madhushan";
				TargetAttributes = {
					0109379421525E3F0063B252 = {
						CreatedOnToolsVersion = 9.4.1;
					};
				};
			};
			buildConfigurationList = 0109379021525E3F0063B252 /* Build configuration list for PBXProject "Template1" */;
			compatibilityVersion = "Xcode 9.3";
			developmentRegion = en;
			hasScannedForEncodings = 0;
			knownRegions = (
				en,
				Base,
			);
			mainGroup = 0109378C21525E3F0063B252;
			productRefGroup = 0109379621525E3F0063B252 /* Products */;
			projectDirPath = "";
			projectRoot = "";
			targets = (
				0109379421525E3F0063B252 /* Template1 */,
			);
		};
/* End PBXProject section */

/* Begin PBXResourcesBuildPhase section */
		0109379321525E3F0063B252 /* Resources */ = {
			isa = PBXResourcesBuildPhase;
			buildActionMask = 2147483647;
			files = (
				010937A621525E400063B252 /* LaunchScreen.storyboard in Resources */,
				010937A321525E400063B252 /* Assets.xcassets in Resources */,
				0109379E21525E3F0063B252 /* Main.storyboard in Resources */,
			);
			runOnlyForDeploymentPostprocessing = 0;
		};
/* End PBXResourcesBuildPhase section */

/* Begin PBXShellScriptBuildPhase section */
		D5C19FB1BCE0A5AD54CC5BE1 /* [CP] Embed Pods Frameworks */ = {
			isa = PBXShellScriptBuildPhase;
			buildActionMask = 2147483647;
			files = (
			);
			inputPaths = (
				"${SRCROOT}/Pods/Target Support Files/Pods-Template1/Pods-Template1-frameworks.sh",
				"${BUILT_PRODUCTS_DIR}/Alamofire/Alamofire.framework",
				"${BUILT_PRODUCTS_DIR}/AlamofireImage/AlamofireImage.framework",
				"${BUILT_PRODUCTS_DIR}/ObjectMapper/ObjectMapper.framework",
				"${BUILT_PRODUCTS_DIR}/SnapKit/SnapKit.framework",
			);
			name = "[CP] Embed Pods Frameworks";
			outputPaths = (
				"${TARGET_BUILD_DIR}/${FRAMEWORKS_FOLDER_PATH}/Alamofire.framework",
				"${TARGET_BUILD_DIR}/${FRAMEWORKS_FOLDER_PATH}/AlamofireImage.framework",
				"${TARGET_BUILD_DIR}/${FRAMEWORKS_FOLDER_PATH}/ObjectMapper.framework",
				"${TARGET_BUILD_DIR}/${FRAMEWORKS_FOLDER_PATH}/SnapKit.framework",
			);
			runOnlyForDeploymentPostprocessing = 0;
			shellPath = /bin/sh;
			shellScript = "\"${SRCROOT}/Pods/Target Support Files/Pods-Template1/Pods-Template1-frameworks.sh\"\n";
			showEnvVarsInLog = 0;
		};
		EC71F912BBA31EC0AD4D1C7B /* [CP] Check Pods Manifest.lock */ = {
			isa = PBXShellScriptBuildPhase;
			buildActionMask = 2147483647;
			files = (
			);
			inputPaths = (
				"${PODS_PODFILE_DIR_PATH}/Podfile.lock",
				"${PODS_ROOT}/Manifest.lock",
			);
			name = "[CP] Check Pods Manifest.lock";
			outputPaths = (
				"$(DERIVED_FILE_DIR)/Pods-Template1-checkManifestLockResult.txt",
			);
			runOnlyForDeploymentPostprocessing = 0;
			shellPath = /bin/sh;
			shellScript = "diff \"${PODS_PODFILE_DIR_PATH}/Podfile.lock\" \"${PODS_ROOT}/Manifest.lock\" > /dev/null\nif [ $? != 0 ] ; then\n    # print error to STDERR\n    echo \"error: The sandbox is not in sync with the Podfile.lock. Run 'pod install' or update your CocoaPods installation.\" >&2\n    exit 1\nfi\n# This output is used by Xcode 'outputs' to avoid re-running this script phase.\necho \"SUCCESS\" > \"${SCRIPT_OUTPUT_FILE_0}\"\n";
			showEnvVarsInLog = 0;
		};
/* End PBXShellScriptBuildPhase section */

/* Begin PBXSourcesBuildPhase section */
		0109379121525E3F0063B252 /* Sources */ = {
			isa = PBXSourcesBuildPhase;
			buildActionMask = 2147483647;
			files = (
				010937B721525F710063B252 /* HMNetworking.swift in Sources */,
				010937B921525F710063B252 /* Helper.swift in Sources */,
				010937B821525F710063B252 /* Extensions.swift in Sources */,
				0109379B21525E3F0063B252 /* ViewController.swift in Sources */,
				010937A121525E3F0063B252 /* Template1.xcdatamodeld in Sources */,
				010937BB21525F710063B252 /* Enum.swift in Sources */,
				010937BA21525F710063B252 /* LoadingView.swift in Sources */,
				010937B621525F710063B252 /* HMNetworkHandler.swift in Sources */,
				010937BC21525F710063B252 /* Struct.swift in Sources */,
				0109379921525E3F0063B252 /* AppDelegate.swift in Sources */,
			);
			runOnlyForDeploymentPostprocessing = 0;
		};
/* End PBXSourcesBuildPhase section */

/* Begin PBXVariantGroup section */
		0109379C21525E3F0063B252 /* Main.storyboard */ = {
			isa = PBXVariantGroup;
			children = (
				0109379D21525E3F0063B252 /* Base */,
			);
			name = Main.storyboard;
			sourceTree = "<group>";
		};
		010937A421525E400063B252 /* LaunchScreen.storyboard */ = {
			isa = PBXVariantGroup;
			children = (
				010937A521525E400063B252 /* Base */,
			);
			name = LaunchScreen.storyboard;
			sourceTree = "<group>";
		};
/* End PBXVariantGroup section */

/* Begin XCBuildConfiguration section */
		010937A821525E400063B252 /* Debug */ = {
			isa = XCBuildConfiguration;
			buildSettings = {
				ALWAYS_SEARCH_USER_PATHS = NO;
				CLANG_ANALYZER_NONNULL = YES;
				CLANG_ANALYZER_NUMBER_OBJECT_CONVERSION = YES_AGGRESSIVE;
				CLANG_CXX_LANGUAGE_STANDARD = "gnu++14";
				CLANG_CXX_LIBRARY = "libc++";
				CLANG_ENABLE_MODULES = YES;
				CLANG_ENABLE_OBJC_ARC = YES;
				CLANG_ENABLE_OBJC_WEAK = YES;
				CLANG_WARN_BLOCK_CAPTURE_AUTORELEASING = YES;
				CLANG_WARN_BOOL_CONVERSION = YES;
				CLANG_WARN_COMMA = YES;
				CLANG_WARN_CONSTANT_CONVERSION = YES;
				CLANG_WARN_DEPRECATED_OBJC_IMPLEMENTATIONS = YES;
				CLANG_WARN_DIRECT_OBJC_ISA_USAGE = YES_ERROR;
				CLANG_WARN_DOCUMENTATION_COMMENTS = YES;
				CLANG_WARN_EMPTY_BODY = YES;
				CLANG_WARN_ENUM_CONVERSION = YES;
				CLANG_WARN_INFINITE_RECURSION = YES;
				CLANG_WARN_INT_CONVERSION = YES;
				CLANG_WARN_NON_LITERAL_NULL_CONVERSION = YES;
				CLANG_WARN_OBJC_IMPLICIT_RETAIN_SELF = YES;
				CLANG_WARN_OBJC_LITERAL_CONVERSION = YES;
				CLANG_WARN_OBJC_ROOT_CLASS = YES_ERROR;
				CLANG_WARN_RANGE_LOOP_ANALYSIS = YES;
				CLANG_WARN_STRICT_PROTOTYPES = YES;
				CLANG_WARN_SUSPICIOUS_MOVE = YES;
				CLANG_WARN_UNGUARDED_AVAILABILITY = YES_AGGRESSIVE;
				CLANG_WARN_UNREACHABLE_CODE = YES;
				CLANG_WARN__DUPLICATE_METHOD_MATCH = YES;
				CODE_SIGN_IDENTITY = "iPhone Developer";
				COPY_PHASE_STRIP = NO;
				DEBUG_INFORMATION_FORMAT = dwarf;
				ENABLE_STRICT_OBJC_MSGSEND = YES;
				ENABLE_TESTABILITY = YES;
				GCC_C_LANGUAGE_STANDARD = gnu11;
				GCC_DYNAMIC_NO_PIC = NO;
				GCC_NO_COMMON_BLOCKS = YES;
				GCC_OPTIMIZATION_LEVEL = 0;
				GCC_PREPROCESSOR_DEFINITIONS = (
					"DEBUG=1",
					"$(inherited)",
				);
				GCC_WARN_64_TO_32_BIT_CONVERSION = YES;
				GCC_WARN_ABOUT_RETURN_TYPE = YES_ERROR;
				GCC_WARN_UNDECLARED_SELECTOR = YES;
				GCC_WARN_UNINITIALIZED_AUTOS = YES_AGGRESSIVE;
				GCC_WARN_UNUSED_FUNCTION = YES;
				GCC_WARN_UNUSED_VARIABLE = YES;
				IPHONEOS_DEPLOYMENT_TARGET = 11.4;
				MTL_ENABLE_DEBUG_INFO = YES;
				ONLY_ACTIVE_ARCH = YES;
				SDKROOT = iphoneos;
				SWIFT_ACTIVE_COMPILATION_CONDITIONS = DEBUG;
				SWIFT_OPTIMIZATION_LEVEL = "-Onone";
			};
			name = Debug;
		};
		010937A921525E400063B252 /* Release */ = {
			isa = XCBuildConfiguration;
			buildSettings = {
				ALWAYS_SEARCH_USER_PATHS = NO;
				CLANG_ANALYZER_NONNULL = YES;
				CLANG_ANALYZER_NUMBER_OBJECT_CONVERSION = YES_AGGRESSIVE;
				CLANG_CXX_LANGUAGE_STANDARD = "gnu++14";
				CLANG_CXX_LIBRARY = "libc++";
				CLANG_ENABLE_MODULES = YES;
				CLANG_ENABLE_OBJC_ARC = YES;
				CLANG_ENABLE_OBJC_WEAK = YES;
				CLANG_WARN_BLOCK_CAPTURE_AUTORELEASING = YES;
				CLANG_WARN_BOOL_CONVERSION = YES;
				CLANG_WARN_COMMA = YES;
				CLANG_WARN_CONSTANT_CONVERSION = YES;
				CLANG_WARN_DEPRECATED_OBJC_IMPLEMENTATIONS = YES;
				CLANG_WARN_DIRECT_OBJC_ISA_USAGE = YES_ERROR;
				CLANG_WARN_DOCUMENTATION_COMMENTS = YES;
				CLANG_WARN_EMPTY_BODY = YES;
				CLANG_WARN_ENUM_CONVERSION = YES;
				CLANG_WARN_INFINITE_RECURSION = YES;
				CLANG_WARN_INT_CONVERSION = YES;
				CLANG_WARN_NON_LITERAL_NULL_CONVERSION = YES;
				CLANG_WARN_OBJC_IMPLICIT_RETAIN_SELF = YES;
				CLANG_WARN_OBJC_LITERAL_CONVERSION = YES;
				CLANG_WARN_OBJC_ROOT_CLASS = YES_ERROR;
				CLANG_WARN_RANGE_LOOP_ANALYSIS = YES;
				CLANG_WARN_STRICT_PROTOTYPES = YES;
				CLANG_WARN_SUSPICIOUS_MOVE = YES;
				CLANG_WARN_UNGUARDED_AVAILABILITY = YES_AGGRESSIVE;
				CLANG_WARN_UNREACHABLE_CODE = YES;
				CLANG_WARN__DUPLICATE_METHOD_MATCH = YES;
				CODE_SIGN_IDENTITY = "iPhone Developer";
				COPY_PHASE_STRIP = NO;
				DEBUG_INFORMATION_FORMAT = "dwarf-with-dsym";
				ENABLE_NS_ASSERTIONS = NO;
				ENABLE_STRICT_OBJC_MSGSEND = YES;
				GCC_C_LANGUAGE_STANDARD = gnu11;
				GCC_NO_COMMON_BLOCKS = YES;
				GCC_WARN_64_TO_32_BIT_CONVERSION = YES;
				GCC_WARN_ABOUT_RETURN_TYPE = YES_ERROR;
				GCC_WARN_UNDECLARED_SELECTOR = YES;
				GCC_WARN_UNINITIALIZED_AUTOS = YES_AGGRESSIVE;
				GCC_WARN_UNUSED_FUNCTION = YES;
				GCC_WARN_UNUSED_VARIABLE = YES;
				IPHONEOS_DEPLOYMENT_TARGET = 11.4;
				MTL_ENABLE_DEBUG_INFO = NO;
				SDKROOT = iphoneos;
				SWIFT_COMPILATION_MODE = wholemodule;
				SWIFT_OPTIMIZATION_LEVEL = "-O";
				VALIDATE_PRODUCT = YES;
			};
			name = Release;
		};
		010937AB21525E400063B252 /* Debug */ = {
			isa = XCBuildConfiguration;
			baseConfigurationReference = BF6452CEB7AC362F83C78259 /* Pods-Template1.debug.xcconfig */;
			buildSettings = {
				ASSETCATALOG_COMPILER_APPICON_NAME = AppIcon;
				CODE_SIGN_STYLE = Automatic;
				INFOPLIST_FILE = Template1/Info.plist;
				LD_RUNPATH_SEARCH_PATHS = (
					"$(inherited)",
					"@executable_path/Frameworks",
				);
				PRODUCT_BUNDLE_IDENTIFIER = com.himal.Template1;
				PRODUCT_NAME = "$(TARGET_NAME)";
				SWIFT_VERSION = 4.0;
				TARGETED_DEVICE_FAMILY = "1,2";
			};
			name = Debug;
		};
		010937AC21525E400063B252 /* Release */ = {
			isa = XCBuildConfiguration;
			baseConfigurationReference = B3ECB8198EDC78B82CBC1BE2 /* Pods-Template1.release.xcconfig */;
			buildSettings = {
				ASSETCATALOG_COMPILER_APPICON_NAME = AppIcon;
				CODE_SIGN_STYLE = Automatic;
				INFOPLIST_FILE = Template1/Info.plist;
				LD_RUNPATH_SEARCH_PATHS = (
					"$(inherited)",
					"@executable_path/Frameworks",
				);
				PRODUCT_BUNDLE_IDENTIFIER = com.himal.Template1;
				PRODUCT_NAME = "$(TARGET_NAME)";
				SWIFT_VERSION = 4.0;
				TARGETED_DEVICE_FAMILY = "1,2";
			};
			name = Release;
		};
/* End XCBuildConfiguration section */

/* Begin XCConfigurationList section */
		0109379021525E3F0063B252 /* Build configuration list for PBXProject "Template1" */ = {
			isa = XCConfigurationList;
			buildConfigurations = (
				010937A821525E400063B252 /* Debug */,
				010937A921525E400063B252 /* Release */,
			);
			defaultConfigurationIsVisible = 0;
			defaultConfigurationName = Release;
		};
		010937AA21525E400063B252 /* Build configuration list for PBXNativeTarget "Template1" */ = {
			isa = XCConfigurationList;
			buildConfigurations = (
				010937AB21525E400063B252 /* Debug */,
				010937AC21525E400063B252 /* Release */,
			);
			defaultConfigurationIsVisible = 0;
			defaultConfigurationName = Release;
		};
/* End XCConfigurationList section */

/* Begin XCVersionGroup section */
		0109379F21525E3F0063B252 /* Template1.xcdatamodeld */ = {
			isa = XCVersionGroup;
			children = (
				010937A021525E3F0063B252 /* Template1.xcdatamodel */,
			);
			currentVersion = 010937A021525E3F0063B252 /* Template1.xcdatamodel */;
			path = Template1.xcdatamodeld;
			sourceTree = "<group>";
			versionGroupType = wrapper.xcdatamodel;
		};
/* End XCVersionGroup section */
	};
	rootObject = 0109378D21525E3F0063B252 /* Project object */;
}
